
Microsoft Visual Studio Solution File, Format Version 12.00
# Visual Studio Version 17
VisualStudioVersion = 17.7.34031.279
MinimumVisualStudioVersion = 10.0.40219.1
Project("{FAE04EC0-301F-11D3-BF4B-00C04F79EFBC}") = "DataGenerator", "DataGenerator.csproj", "{5AEAA5CC-6A99-49FC-8804-C29F0462C174}"
EndProject
Global
	GlobalSection(SolutionConfigurationPlatforms) = preSolution
		Debug|Any CPU = Debug|Any CPU
		Release|Any CPU = Release|Any CPU
	EndGlobalSection
	GlobalSection(ProjectConfigurationPlatforms) = postSolution
		{5AEAA5CC-6A99-49FC-8804-C29F0462C174}.Debug|Any CPU.ActiveCfg = Debug|Any CPU
		{5AEAA5CC-6A99-49FC-8804-C29F0462C174}.Debug|Any CPU.Build.0 = Debug|Any CPU
		{5AEAA5CC-6A99-49FC-8804-C29F0462C174}.Release|Any CPU.ActiveCfg = Release|Any CPU
		{5AEAA5CC-6A99-49FC-8804-C29F0462C174}.Release|Any CPU.Build.0 = Release|Any CPU
	EndGlobalSection
	GlobalSection(SolutionProperties) = preSolution
		HideSolutionNode = FALSE
	EndGlobalSection
	GlobalSection(ExtensibilityGlobals) = postSolution
		SolutionGuid = {B05C7E5C-5965-4026-8838-3646BE017600}
	EndGlobalSection
EndGlobal
